{
  "version": 4,
  "terraform_version": "0.12.26",
  "serial": 6,
  "lineage": "0d4c44d5-b539-f796-418d-a40bd00e8164",
  "outputs": {
    "random_server_id": {
      "value": "smart-liger",
      "type": "string"
    }
  },
  "resources": [
    {
      "mode": "managed",
      "type": "random_pet",
      "name": "server",
      "provider": "provider.random",
      "instances": [
        {
          "schema_version": 0,
          "attributes": {
            "id": "smart-liger",
            "keepers": {
              "stage": "production"
            },
            "length": 2,
            "prefix": null,
            "separator": "-"
          },
          "private": "bnVsbA=="
        }
      ]
    }
  ]
}
